{
  "nodes": {
    "flake-utils": {
      "locked": {
        "lastModified": 1667395993,
        "narHash": "sha256-nuEHfE/LcWyuSWnS8t12N1wc105Qtau+/OdUAjtQ0rA=",
        "owner": "numtide",
        "repo": "flake-utils",
        "rev": "5aed5285a952e0b949eb3ba02c12fa4fcfef535f",
        "type": "github"
      },
      "original": {
        "owner": "numtide",
        "repo": "flake-utils",
        "type": "github"
      }
    },
    "home-manager": {
      "inputs": {
        "nixpkgs": [
          "nixpkgs"
        ]
      },
      "locked": {
        "lastModified": 1695108154,
        "narHash": "sha256-gSg7UTVtls2yO9lKtP0yb66XBHT1Fx5qZSZbGMpSn2c=",
        "owner": "nix-community",
        "repo": "home-manager",
        "rev": "07682fff75d41f18327a871088d20af2710d4744",
        "type": "github"
      },
      "original": {
        "owner": "nix-community",
        "ref": "release-23.05",
        "repo": "home-manager",
        "type": "github"
      }
    },
    "naersk": {
      "inputs": {
        "nixpkgs": "nixpkgs_2"
      },
      "locked": {
        "lastModified": 1671096816,
        "narHash": "sha256-ezQCsNgmpUHdZANDCILm3RvtO1xH8uujk/+EqNvzIOg=",
        "owner": "nix-community",
        "repo": "naersk",
        "rev": "d998160d6a076cfe8f9741e56aeec7e267e3e114",
        "type": "github"
      },
      "original": {
        "owner": "nix-community",
        "repo": "naersk",
        "type": "github"
      }
    },
    "nixpkgs": {
      "locked": {
        "lastModified": 1696983906,
        "narHash": "sha256-L7GyeErguS7Pg4h8nK0wGlcUTbfUMDu+HMf1UcyP72k=",
        "owner": "nixos",
        "repo": "nixpkgs",
        "rev": "bd1cde45c77891214131cbbea5b1203e485a9d51",
        "type": "github"
      },
      "original": {
        "owner": "nixos",
        "ref": "nixos-23.05",
        "repo": "nixpkgs",
        "type": "github"
      }
    },
    "nixpkgs_2": {
      "locked": {
        "lastModified": 1673606088,
        "narHash": "sha256-wdYD41UwNwPhTdMaG0AIe7fE1bAdyHe6bB4HLUqUvck=",
        "owner": "NixOS",
        "repo": "nixpkgs",
        "rev": "37b97ae3dd714de9a17923d004a2c5b5543dfa6d",
        "type": "github"
      },
      "original": {
        "id": "nixpkgs",
        "type": "indirect"
      }
    },
    "root": {
      "inputs": {
        "home-manager": "home-manager",
        "nixpkgs": "nixpkgs",
        "system76-keyboard-configurator": "system76-keyboard-configurator"
      }
    },
    "system76-keyboard-configurator": {
      "inputs": {
        "flake-utils": "flake-utils",
        "naersk": "naersk",
        "nixpkgs": [
          "nixpkgs"
        ]
      },
      "locked": {
        "lastModified": 1696969292,
        "narHash": "sha256-5U9LWFaCwszvT1reu6NflPKQUrsQkP/NdSO4LBHWm2g=",
        "owner": "pop-os",
        "repo": "keyboard-configurator",
        "rev": "ed7abb121e403c2fd2751b0f63e5303a9ee210ab",
        "type": "github"
      },
      "original": {
        "owner": "pop-os",
        "repo": "keyboard-configurator",
        "type": "github"
      }
    }
  },
  "root": "root",
  "version": 7
}
